dependencies:
  espressif/esp_lvgl_port:
    component_hash: e720c95cf0667554a204591bb5fade4655fb2990465557041200fa44b5bc7556
    dependencies:
    - name: idf
      require: private
      version: '>=4.4'
    - name: lvgl/lvgl
      registry_url: https://components.espressif.com
      require: public
      version: '>=8,<10'
    source:
      registry_url: https://components.espressif.com/
      type: service
    version: 2.6.0
  idf:
    source:
      type: idf
    version: 5.4.1
  lvgl/lvgl:
    component_hash: 7b7ee85e48c2eb35bb242a8c7e0e4cd702e150541afb3f69089fb7ba81554d14
    dependencies: []
    source:
      registry_url: https://components.espressif.com/
      type: service
    version: 8.3.0
direct_dependencies:
- espressif/esp_lvgl_port
- idf
- lvgl/lvgl
manifest_hash: be115891e212b651933f1dd0e499f2b52d81af222a298d6c951ff7744ea4f6f4
target: esp32s3
version: 2.0.0
